
Microsoft Visual Studio Solution File, Format Version 12.00
# Visual Studio Version 17
VisualStudioVersion = 17.2.32630.192
MinimumVisualStudioVersion = 10.0.40219.1
Project("{FAE04EC0-301F-11D3-BF4B-00C04F79EFBC}") = "GameProjectSimulation", "GameProjectSimulation\GameProjectSimulation.csproj", "{20EF3D45-EF6E-47B0-9A93-F8489D5C8582}"
EndProject
Global
	GlobalSection(SolutionConfigurationPlatforms) = preSolution
		Debug|Any CPU = Debug|Any CPU
		Release|Any CPU = Release|Any CPU
	EndGlobalSection
	GlobalSection(ProjectConfigurationPlatforms) = postSolution
		{20EF3D45-EF6E-47B0-9A93-F8489D5C8582}.Debug|Any CPU.ActiveCfg = Debug|Any CPU
		{20EF3D45-EF6E-47B0-9A93-F8489D5C8582}.Debug|Any CPU.Build.0 = Debug|Any CPU
		{20EF3D45-EF6E-47B0-9A93-F8489D5C8582}.Release|Any CPU.ActiveCfg = Release|Any CPU
		{20EF3D45-EF6E-47B0-9A93-F8489D5C8582}.Release|Any CPU.Build.0 = Release|Any CPU
	EndGlobalSection
	GlobalSection(SolutionProperties) = preSolution
		HideSolutionNode = FALSE
	EndGlobalSection
	GlobalSection(ExtensibilityGlobals) = postSolution
		SolutionGuid = {53D77A13-EE51-4697-B469-8FEAEF21550C}
	EndGlobalSection
EndGlobal
